# THIS IS AN AUTOGENERATED FILE. DO NOT EDIT THIS FILE DIRECTLY.
# yarn lockfile v1


"hypixel-types@https://github.com/wiisportsresort/hypixel-types#839190e9cbffeb7bb846fd5e414f36a1554ead4c":
  version "0.1.0"
  resolved "https://github.com/wiisportsresort/hypixel-types#839190e9cbffeb7bb846fd5e414f36a1554ead4c"
